
Microsoft Visual Studio Solution File, Format Version 12.00
# Visual Studio 14
VisualStudioVersion = 14.0.25420.1
MinimumVisualStudioVersion = 10.0.40219.1
Project("{8BB2217D-0F2D-49D1-97BC-3654ED321F3B}") = "AutofacSerilogIntegration", "src\AutofacSerilogIntegration\AutofacSerilogIntegration.xproj", "{EAEE5A7D-8082-4B13-8E7F-A51D40A75A3F}"
EndProject
Project("{8BB2217D-0F2D-49D1-97BC-3654ED321F3B}") = "Example", "example\Example\Example.xproj", "{B3E88BA9-57AA-4A33-A35B-FB26E150B86F}"
EndProject
Global
	GlobalSection(SolutionConfigurationPlatforms) = preSolution
		Debug|Any CPU = Debug|Any CPU
		Release|Any CPU = Release|Any CPU
	EndGlobalSection
	GlobalSection(ProjectConfigurationPlatforms) = postSolution
		{EAEE5A7D-8082-4B13-8E7F-A51D40A75A3F}.Debug|Any CPU.ActiveCfg = Debug|Any CPU
		{EAEE5A7D-8082-4B13-8E7F-A51D40A75A3F}.Debug|Any CPU.Build.0 = Debug|Any CPU
		{EAEE5A7D-8082-4B13-8E7F-A51D40A75A3F}.Release|Any CPU.ActiveCfg = Release|Any CPU
		{EAEE5A7D-8082-4B13-8E7F-A51D40A75A3F}.Release|Any CPU.Build.0 = Release|Any CPU
		{B3E88BA9-57AA-4A33-A35B-FB26E150B86F}.Debug|Any CPU.ActiveCfg = Debug|Any CPU
		{B3E88BA9-57AA-4A33-A35B-FB26E150B86F}.Debug|Any CPU.Build.0 = Debug|Any CPU
		{B3E88BA9-57AA-4A33-A35B-FB26E150B86F}.Release|Any CPU.ActiveCfg = Release|Any CPU
		{B3E88BA9-57AA-4A33-A35B-FB26E150B86F}.Release|Any CPU.Build.0 = Release|Any CPU
	EndGlobalSection
	GlobalSection(SolutionProperties) = preSolution
		HideSolutionNode = FALSE
	EndGlobalSection
EndGlobal
